<?xml version="1.0" encoding="utf-8"?>
<Project ToolsVersion="4.0" xmlns="http://schemas.microsoft.com/developer/msbuild/2003">
  <ItemGroup>
    <Filter Include="Source Files">
      <UniqueIdentifier>{4FC737F1-C7A5-4376-A066-2A32D752A2FF}</UniqueIdentifier>
      <Extensions>cpp;c;cc;cxx;c++;cppm;ixx;def;odl;idl;hpj;bat;asm;asmx</Extensions>
    </Filter>
    <Filter Include="Header Files">
      <UniqueIdentifier>{93995380-89BD-4b04-88EB-625FBE52EBFB}</UniqueIdentifier>
      <Extensions>h;hh;hpp;hxx;h++;hm;inl;inc;ipp;xsd</Extensions>
    </Filter>
    <Filter Include="Resource Files">
      <UniqueIdentifier>{67DA6AB6-F800-4c08-8B7A-83BB121AAD01}</UniqueIdentifier>
      <Extensions>rc;ico;cur;bmp;dlg;rc2;rct;bin;rgs;gif;jpg;jpeg;jpe;resx;tiff;tif;png;wav;mfcribbon-ms</Extensions>
    </Filter>
  </ItemGroup>
  <ItemGroup>
    <ClCompile Include="dllmain.cpp">
      <Filter>Source Files</Filter>
    </ClCompile>
    <ClCompile Include="ui\hook\d3d11_hook.cpp">
      <Filter>Source Files</Filter>
    </ClCompile>
    <ClCompile Include="util\pattern.cpp">
      <Filter>Source Files</Filter>
    </ClCompile>
    <ClCompile Include="util\pe.cpp">
      <Filter>Source Files</Filter>
    </ClCompile>
    <ClCompile Include="include\imgui\imgui_widgets.cpp">
      <Filter>Source Files</Filter>
    </ClCompile>
    <ClCompile Include="include\imgui\imgui_tables.cpp">
      <Filter>Source Files</Filter>
    </ClCompile>
    <ClCompile Include="include\imgui\imgui_stdlib.cpp">
      <Filter>Source Files</Filter>
    </ClCompile>
    <ClCompile Include="include\imgui\imgui_impl_win32.cpp">
      <Filter>Source Files</Filter>
    </ClCompile>
    <ClCompile Include="include\imgui\imgui_impl_dx11.cpp">
      <Filter>Source Files</Filter>
    </ClCompile>
    <ClCompile Include="include\imgui\imgui_draw.cpp">
      <Filter>Source Files</Filter>
    </ClCompile>
    <ClCompile Include="include\imgui\imgui_demo.cpp">
      <Filter>Source Files</Filter>
    </ClCompile>
    <ClCompile Include="include\imgui\imgui.cpp">
      <Filter>Source Files</Filter>
    </ClCompile>
    <ClCompile Include="fx\interface.cpp">
      <Filter>Source Files</Filter>
    </ClCompile>
    <ClCompile Include="ui\menus\lua.cpp">
      <Filter>Source Files</Filter>
    </ClCompile>
    <ClCompile Include="ui\hook\settings.cpp">
      <Filter>Source Files</Filter>
    </ClCompile>
    <ClCompile Include="util\file.cpp">
      <Filter>Source Files</Filter>
    </ClCompile>
    <ClCompile Include="config\config_manager.cpp">
      <Filter>Source Files</Filter>
    </ClCompile>
    <ClCompile Include="fx_game\resource_manager.cpp">
      <Filter>Source Files</Filter>
    </ClCompile>
    <ClCompile Include="fx_game\resource.cpp">
      <Filter>Source Files</Filter>
    </ClCompile>
    <ClCompile Include="scripting\runtime_manager.cpp">
      <Filter>Source Files</Filter>
    </ClCompile>
    <ClCompile Include="fx\component.cpp">
      <Filter>Source Files</Filter>
    </ClCompile>
    <ClCompile Include="fx_game\runtime.cpp">
      <Filter>Source Files</Filter>
    </ClCompile>
    <ClCompile Include="fx_game\scripthost.cpp">
      <Filter>Source Files</Filter>
    </ClCompile>
    <ClCompile Include="scripting\vfs_hook.cpp">
      <Filter>Source Files</Filter>
    </ClCompile>
    <ClCompile Include="fx_game\vfs.cpp">
      <Filter>Source Files</Filter>
    </ClCompile>
    <ClCompile Include="config\config_file.cpp">
      <Filter>Source Files</Filter>
    </ClCompile>
    <ClCompile Include="ui\menus\resources.cpp">
      <Filter>Source Files</Filter>
    </ClCompile>
    <ClCompile Include="ui\menus\events.cpp">
      <Filter>Source Files</Filter>
    </ClCompile>
    <ClCompile Include="fx_game\netlibrary.h">
      <Filter>Source Files</Filter>
    </ClCompile>
    <ClCompile Include="ui\menus\debug.cpp">
      <Filter>Source Files</Filter>
    </ClCompile>
  </ItemGroup>
  <ItemGroup>
    <ClInclude Include="ui\hook\d3d11_hook.h">
      <Filter>Header Files</Filter>
    </ClInclude>
    <ClInclude Include="util\pattern.h">
      <Filter>Header Files</Filter>
    </ClInclude>
    <ClInclude Include="util\pe.h">
      <Filter>Header Files</Filter>
    </ClInclude>
    <ClInclude Include="fx\interface.h">
      <Filter>Header Files</Filter>
    </ClInclude>
    <ClInclude Include="fx\ref_container.h">
      <Filter>Header Files</Filter>
    </ClInclude>
    <ClInclude Include="include\imgui\imstb_truetype.h">
      <Filter>Header Files</Filter>
    </ClInclude>
    <ClInclude Include="include\imgui\imstb_rectpack.h">
      <Filter>Header Files</Filter>
    </ClInclude>
    <ClInclude Include="include\imgui\imstb_textedit.h">
      <Filter>Header Files</Filter>
    </ClInclude>
    <ClInclude Include="include\imgui\imgui_stdlib.h">
      <Filter>Header Files</Filter>
    </ClInclude>
    <ClInclude Include="include\imgui\imgui_internal.h">
      <Filter>Header Files</Filter>
    </ClInclude>
    <ClInclude Include="include\imgui\imgui_impl_win32.h">
      <Filter>Header Files</Filter>
    </ClInclude>
    <ClInclude Include="include\imgui\imgui_impl_dx11.h">
      <Filter>Header Files</Filter>
    </ClInclude>
    <ClInclude Include="include\imgui\imgui.h">
      <Filter>Header Files</Filter>
    </ClInclude>
    <ClInclude Include="include\imgui\imconfig.h">
      <Filter>Header Files</Filter>
    </ClInclude>
    <ClInclude Include="fx\event.h">
      <Filter>Header Files</Filter>
    </ClInclude>
    <ClInclude Include="ui\hook\settings.h">
      <Filter>Header Files</Filter>
    </ClInclude>
    <ClInclude Include="util\file.h">
      <Filter>Header Files</Filter>
    </ClInclude>
    <ClInclude Include="config\config_manager.h">
      <Filter>Header Files</Filter>
    </ClInclude>
    <ClInclude Include="fx_game\resource_manager.h">
      <Filter>Header Files</Filter>
    </ClInclude>
    <ClInclude Include="util\address.h">
      <Filter>Header Files</Filter>
    </ClInclude>
    <ClInclude Include="fx_game\resource.h">
      <Filter>Header Files</Filter>
    </ClInclude>
    <ClInclude Include="fx\component.h">
      <Filter>Header Files</Filter>
    </ClInclude>
    <ClInclude Include="fx_game\runtime.h">
      <Filter>Header Files</Filter>
    </ClInclude>
    <ClInclude Include="fx_game\scripthost.h">
      <Filter>Header Files</Filter>
    </ClInclude>
    <ClInclude Include="scripting\runtime_manager.h">
      <Filter>Header Files</Filter>
    </ClInclude>
    <ClInclude Include="fx\omptr.h">
      <Filter>Header Files</Filter>
    </ClInclude>
    <ClInclude Include="fx_game\vfs.h">
      <Filter>Header Files</Filter>
    </ClInclude>
    <ClInclude Include="scripting\vfs_hook.h">
      <Filter>Header Files</Filter>
    </ClInclude>
    <ClInclude Include="dllmain.h">
      <Filter>Header Files</Filter>
    </ClInclude>
    <ClInclude Include="ui\menus\menus.h">
      <Filter>Header Files</Filter>
    </ClInclude>
    <ClInclude Include="util\str.h">
      <Filter>Header Files</Filter>
    </ClInclude>
    <ClInclude Include="config\config_file.h">
      <Filter>Header Files</Filter>
    </ClInclude>
    <ClInclude Include="ui\menus\lua.h">
      <Filter>Header Files</Filter>
    </ClInclude>
  </ItemGroup>
</Project>